
Microsoft Visual Studio Solution File, Format Version 12.00
Project("{FAE04EC0-301F-11D3-BF4B-00C04F79EFBC}") = "ApiServer", "ApiServer\ApiServer.csproj", "{287B5621-B972-4F4E-93FE-71663706916A}"
EndProject
Global
	GlobalSection(SolutionConfigurationPlatforms) = preSolution
		Debug|Any CPU = Debug|Any CPU
		Release|Any CPU = Release|Any CPU
	EndGlobalSection
	GlobalSection(ProjectConfigurationPlatforms) = postSolution
		{287B5621-B972-4F4E-93FE-71663706916A}.Debug|Any CPU.ActiveCfg = Debug|Any CPU
		{287B5621-B972-4F4E-93FE-71663706916A}.Debug|Any CPU.Build.0 = Debug|Any CPU
		{287B5621-B972-4F4E-93FE-71663706916A}.Release|Any CPU.ActiveCfg = Release|Any CPU
		{287B5621-B972-4F4E-93FE-71663706916A}.Release|Any CPU.Build.0 = Release|Any CPU
	EndGlobalSection
EndGlobal
